
Microsoft Visual Studio Solution File, Format Version 12.00
# Visual Studio Version 17
VisualStudioVersion = 17.6.33829.357
MinimumVisualStudioVersion = 10.0.40219.1
Project("{9A19103F-16F7-4668-BE54-9A1E7A4F7556}") = "parksanghoon-sys.github.io", "parksanghoon-sys.github.io.csproj", "{1329620D-ADA6-43D3-9EF0-B021764346BF}"
EndProject
Global
	GlobalSection(SolutionConfigurationPlatforms) = preSolution
		Debug|Any CPU = Debug|Any CPU
		Release|Any CPU = Release|Any CPU
	EndGlobalSection
	GlobalSection(ProjectConfigurationPlatforms) = postSolution
		{1329620D-ADA6-43D3-9EF0-B021764346BF}.Debug|Any CPU.ActiveCfg = Debug|Any CPU
		{1329620D-ADA6-43D3-9EF0-B021764346BF}.Debug|Any CPU.Build.0 = Debug|Any CPU
		{1329620D-ADA6-43D3-9EF0-B021764346BF}.Release|Any CPU.ActiveCfg = Release|Any CPU
		{1329620D-ADA6-43D3-9EF0-B021764346BF}.Release|Any CPU.Build.0 = Release|Any CPU
	EndGlobalSection
	GlobalSection(SolutionProperties) = preSolution
		HideSolutionNode = FALSE
	EndGlobalSection
	GlobalSection(ExtensibilityGlobals) = postSolution
		SolutionGuid = {F14FE62E-616F-4476-9046-B5B54D60AA1D}
	EndGlobalSection
EndGlobal
